# This file is automatically @generated by Cargo.
# It is not intended for manual editing.
version = 3

[[package]]
name = "autocfg"
version = "1.3.0"
source = "registry+https://github.com/rust-lang/crates.io-index"
checksum = "0c4b4d0bd25bd0b74681c0ad21497610ce1b7c91b1022cd21c80c6fbdd9476b0"

[[package]]
name = "betta"
version = "0.1.0"
dependencies = [
 "sdl2",
 "vec2",
]

[[package]]
name = "bitflags"
version = "1.3.2"
source = "registry+https://github.com/rust-lang/crates.io-index"
checksum = "bef38d45163c2f1dde094a7dfd33ccf595c92905c8f8f4fdc18d06fb1037718a"

[[package]]
name = "cast_trait"
version = "0.1.2"
source = "registry+https://github.com/rust-lang/crates.io-index"
checksum = "c4f8d981c476baadf74cd52897866a1d279d3e14e2d5e2d9af045210e0ae6128"

[[package]]
name = "cfg-if"
version = "1.0.0"
source = "registry+https://github.com/rust-lang/crates.io-index"
checksum = "baf1de4339761588bc0619e3cbc0120ee582ebb74b53b4efbf79117bd2da40fd"

[[package]]
name = "lazy_static"
version = "1.4.0"
source = "registry+https://github.com/rust-lang/crates.io-index"
checksum = "e2abad23fbc42b3700f2f279844dc832adb2b2eb069b2df918f455c4e18cc646"

[[package]]
name = "libc"
version = "0.2.155"
source = "registry+https://github.com/rust-lang/crates.io-index"
checksum = "97b3888a4aecf77e811145cadf6eef5901f4782c53886191b2f693f24761847c"

[[package]]
name = "num-traits"
version = "0.2.19"
source = "registry+https://github.com/rust-lang/crates.io-index"
checksum = "071dfc062690e90b734c0b2273ce72ad0ffa95f0c74596bc250dcfd960262841"
dependencies = [
 "autocfg",
]

[[package]]
name = "sdl2"
version = "0.37.0"
source = "registry+https://github.com/rust-lang/crates.io-index"
checksum = "3b498da7d14d1ad6c839729bd4ad6fc11d90a57583605f3b4df2cd709a9cd380"
dependencies = [
 "bitflags",
 "lazy_static",
 "libc",
 "sdl2-sys",
]

[[package]]
name = "sdl2-sys"
version = "0.37.0"
source = "registry+https://github.com/rust-lang/crates.io-index"
checksum = "951deab27af08ed9c6068b7b0d05a93c91f0a8eb16b6b816a5e73452a43521d3"
dependencies = [
 "cfg-if",
 "libc",
 "version-compare",
]

[[package]]
name = "vec2"
version = "0.2.1"
source = "registry+https://github.com/rust-lang/crates.io-index"
checksum = "a54c8415531b580fac54552a697128f338ea26bb790b88a5c6351e401b4cbb3f"
dependencies = [
 "cast_trait",
 "num-traits",
 "vec3",
]

[[package]]
name = "vec3"
version = "0.2.1"
source = "registry+https://github.com/rust-lang/crates.io-index"
checksum = "6ad952cfbcbc36c86769e13cf9ce2203b6ce9271fa54a03f259a35d1930449e1"
dependencies = [
 "cast_trait",
 "num-traits",
]

[[package]]
name = "version-compare"
version = "0.1.1"
source = "registry+https://github.com/rust-lang/crates.io-index"
checksum = "579a42fc0b8e0c63b76519a339be31bed574929511fa53c1a3acae26eb258f29"
